// !$*UTF8*$!
{
	archiveVersion = 1;
	classes = {
	};
	objectVersion = 56;
	objects = {

/* Begin PBXBuildFile section */
		1028FE1D2ADF77D800C9047F /* Unittesting2App.swift in Sources */ = {isa = PBXBuildFile; fileRef = 1028FE1C2ADF77D800C9047F /* Unittesting2App.swift */; };
		1028FE1F2ADF77D800C9047F /* ContentView.swift in Sources */ = {isa = PBXBuildFile; fileRef = 1028FE1E2ADF77D800C9047F /* ContentView.swift */; };
		1028FE212ADF77DA00C9047F /* Assets.xcassets in Resources */ = {isa = PBXBuildFile; fileRef = 1028FE202ADF77DA00C9047F /* Assets.xcassets */; };
		1028FE242ADF77DA00C9047F /* Preview Assets.xcassets in Resources */ = {isa = PBXBuildFile; fileRef = 1028FE232ADF77DA00C9047F /* Preview Assets.xcassets */; };
		1028FE2E2ADF77DA00C9047F /* Unittesting2Tests.swift in Sources */ = {isa = PBXBuildFile; fileRef = 1028FE2D2ADF77DA00C9047F /* Unittesting2Tests.swift */; };
		1028FE382ADF77DA00C9047F /* Unittesting2UITests.swift in Sources */ = {isa = PBXBuildFile; fileRef = 1028FE372ADF77DA00C9047F /* Unittesting2UITests.swift */; };
		1028FE3A2ADF77DA00C9047F /* Unittesting2UITestsLaunchTests.swift in Sources */ = {isa = PBXBuildFile; fileRef = 1028FE392ADF77DA00C9047F /* Unittesting2UITestsLaunchTests.swift */; };
		1028FE472ADF77EA00C9047F /* test.swift in Sources */ = {isa = PBXBuildFile; fileRef = 1028FE462ADF77EA00C9047F /* test.swift */; };
		1028FE4A2ADF79E900C9047F /* MathematicsTest.swift in Sources */ = {isa = PBXBuildFile; fileRef = 1028FE492ADF79E900C9047F /* MathematicsTest.swift */; };
		1028FE4C2ADF7E9700C9047F /* Mathematics.swift in Sources */ = {isa = PBXBuildFile; fileRef = 1028FE4B2ADF7E9700C9047F /* Mathematics.swift */; };
		1028FE4E2AE0CF4900C9047F /* MathOperationTest.swift in Sources */ = {isa = PBXBuildFile; fileRef = 1028FE4D2AE0CF4900C9047F /* MathOperationTest.swift */; };
/* End PBXBuildFile section */

/* Begin PBXContainerItemProxy section */
		1028FE2A2ADF77DA00C9047F /* PBXContainerItemProxy */ = {
			isa = PBXContainerItemProxy;
			containerPortal = 1028FE112ADF77D800C9047F /* Project object */;
			proxyType = 1;
			remoteGlobalIDString = 1028FE182ADF77D800C9047F;
			remoteInfo = Unittesting2;
		};
		1028FE342ADF77DA00C9047F /* PBXContainerItemProxy */ = {
			isa = PBXContainerItemProxy;
			containerPortal = 1028FE112ADF77D800C9047F /* Project object */;
			proxyType = 1;
			remoteGlobalIDString = 1028FE182ADF77D800C9047F;
			remoteInfo = Unittesting2;
		};
/* End PBXContainerItemProxy section */

/* Begin PBXFileReference section */
		1028FE192ADF77D800C9047F /* Unittesting2.app */ = {isa = PBXFileReference; explicitFileType = wrapper.application; includeInIndex = 0; path = Unittesting2.app; sourceTree = BUILT_PRODUCTS_DIR; };
		1028FE1C2ADF77D800C9047F /* Unittesting2App.swift */ = {isa = PBXFileReference; lastKnownFileType = sourcecode.swift; path = Unittesting2App.swift; sourceTree = "<group>"; };
		1028FE1E2ADF77D800C9047F /* ContentView.swift */ = {isa = PBXFileReference; lastKnownFileType = sourcecode.swift; path = ContentView.swift; sourceTree = "<group>"; };
		1028FE202ADF77DA00C9047F /* Assets.xcassets */ = {isa = PBXFileReference; lastKnownFileType = folder.assetcatalog; path = Assets.xcassets; sourceTree = "<group>"; };
		1028FE232ADF77DA00C9047F /* Preview Assets.xcassets */ = {isa = PBXFileReference; lastKnownFileType = folder.assetcatalog; path = "Preview Assets.xcassets"; sourceTree = "<group>"; };
		1028FE292ADF77DA00C9047F /* Unittesting2Tests.xctest */ = {isa = PBXFileReference; explicitFileType = wrapper.cfbundle; includeInIndex = 0; path = Unittesting2Tests.xctest; sourceTree = BUILT_PRODUCTS_DIR; };
		1028FE2D2ADF77DA00C9047F /* Unittesting2Tests.swift */ = {isa = PBXFileReference; lastKnownFileType = sourcecode.swift; path = Unittesting2Tests.swift; sourceTree = "<group>"; };
		1028FE332ADF77DA00C9047F /* Unittesting2UITests.xctest */ = {isa = PBXFileReference; explicitFileType = wrapper.cfbundle; includeInIndex = 0; path = Unittesting2UITests.xctest; sourceTree = BUILT_PRODUCTS_DIR; };
		1028FE372ADF77DA00C9047F /* Unittesting2UITests.swift */ = {isa = PBXFileReference; lastKnownFileType = sourcecode.swift; path = Unittesting2UITests.swift; sourceTree = "<group>"; };
		1028FE392ADF77DA00C9047F /* Unittesting2UITestsLaunchTests.swift */ = {isa = PBXFileReference; lastKnownFileType = sourcecode.swift; path = Unittesting2UITestsLaunchTests.swift; sourceTree = "<group>"; };
		1028FE462ADF77EA00C9047F /* test.swift */ = {isa = PBXFileReference; lastKnownFileType = sourcecode.swift; path = test.swift; sourceTree = "<group>"; };
		1028FE492ADF79E900C9047F /* MathematicsTest.swift */ = {isa = PBXFileReference; lastKnownFileType = sourcecode.swift; path = MathematicsTest.swift; sourceTree = "<group>"; };
		1028FE4B2ADF7E9700C9047F /* Mathematics.swift */ = {isa = PBXFileReference; lastKnownFileType = sourcecode.swift; path = Mathematics.swift; sourceTree = "<group>"; };
		1028FE4D2AE0CF4900C9047F /* MathOperationTest.swift */ = {isa = PBXFileReference; lastKnownFileType = sourcecode.swift; path = MathOperationTest.swift; sourceTree = "<group>"; };
/* End PBXFileReference section */

/* Begin PBXFrameworksBuildPhase section */
		1028FE162ADF77D800C9047F /* Frameworks */ = {
			isa = PBXFrameworksBuildPhase;
			buildActionMask = 2147483647;
			files = (
			);
			runOnlyForDeploymentPostprocessing = 0;
		};
		1028FE262ADF77DA00C9047F /* Frameworks */ = {
			isa = PBXFrameworksBuildPhase;
			buildActionMask = 2147483647;
			files = (
			);
			runOnlyForDeploymentPostprocessing = 0;
		};
		1028FE302ADF77DA00C9047F /* Frameworks */ = {
			isa = PBXFrameworksBuildPhase;
			buildActionMask = 2147483647;
			files = (
			);
			runOnlyForDeploymentPostprocessing = 0;
		};
/* End PBXFrameworksBuildPhase section */

/* Begin PBXGroup section */
		1028FE102ADF77D800C9047F = {
			isa = PBXGroup;
			children = (
				1028FE4B2ADF7E9700C9047F /* Mathematics.swift */,
				1028FE492ADF79E900C9047F /* MathematicsTest.swift */,
				1028FE462ADF77EA00C9047F /* test.swift */,
				1028FE1B2ADF77D800C9047F /* Unittesting2 */,
				1028FE2C2ADF77DA00C9047F /* Unittesting2Tests */,
				1028FE362ADF77DA00C9047F /* Unittesting2UITests */,
				1028FE1A2ADF77D800C9047F /* Products */,
			);
			sourceTree = "<group>";
		};
		1028FE1A2ADF77D800C9047F /* Products */ = {
			isa = PBXGroup;
			children = (
				1028FE192ADF77D800C9047F /* Unittesting2.app */,
				1028FE292ADF77DA00C9047F /* Unittesting2Tests.xctest */,
				1028FE332ADF77DA00C9047F /* Unittesting2UITests.xctest */,
			);
			name = Products;
			sourceTree = "<group>";
		};
		1028FE1B2ADF77D800C9047F /* Unittesting2 */ = {
			isa = PBXGroup;
			children = (
				1028FE1C2ADF77D800C9047F /* Unittesting2App.swift */,
				1028FE1E2ADF77D800C9047F /* ContentView.swift */,
				1028FE202ADF77DA00C9047F /* Assets.xcassets */,
				1028FE222ADF77DA00C9047F /* Preview Content */,
				1028FE4D2AE0CF4900C9047F /* MathOperationTest.swift */,
			);
			path = Unittesting2;
			sourceTree = "<group>";
		};
		1028FE222ADF77DA00C9047F /* Preview Content */ = {
			isa = PBXGroup;
			children = (
				1028FE232ADF77DA00C9047F /* Preview Assets.xcassets */,
			);
			path = "Preview Content";
			sourceTree = "<group>";
		};
		1028FE2C2ADF77DA00C9047F /* Unittesting2Tests */ = {
			isa = PBXGroup;
			children = (
				1028FE2D2ADF77DA00C9047F /* Unittesting2Tests.swift */,
			);
			path = Unittesting2Tests;
			sourceTree = "<group>";
		};
		1028FE362ADF77DA00C9047F /* Unittesting2UITests */ = {
			isa = PBXGroup;
			children = (
				1028FE372ADF77DA00C9047F /* Unittesting2UITests.swift */,
				1028FE392ADF77DA00C9047F /* Unittesting2UITestsLaunchTests.swift */,
			);
			path = Unittesting2UITests;
			sourceTree = "<group>";
		};
/* End PBXGroup section */

/* Begin PBXNativeTarget section */
		1028FE182ADF77D800C9047F /* Unittesting2 */ = {
			isa = PBXNativeTarget;
			buildConfigurationList = 1028FE3D2ADF77DA00C9047F /* Build configuration list for PBXNativeTarget "Unittesting2" */;
			buildPhases = (
				1028FE152ADF77D800C9047F /* Sources */,
				1028FE162ADF77D800C9047F /* Frameworks */,
				1028FE172ADF77D800C9047F /* Resources */,
			);
			buildRules = (
			);
			dependencies = (
			);
			name = Unittesting2;
			productName = Unittesting2;
			productReference = 1028FE192ADF77D800C9047F /* Unittesting2.app */;
			productType = "com.apple.product-type.application";
		};
		1028FE282ADF77DA00C9047F /* Unittesting2Tests */ = {
			isa = PBXNativeTarget;
			buildConfigurationList = 1028FE402ADF77DA00C9047F /* Build configuration list for PBXNativeTarget "Unittesting2Tests" */;
			buildPhases = (
				1028FE252ADF77DA00C9047F /* Sources */,
				1028FE262ADF77DA00C9047F /* Frameworks */,
				1028FE272ADF77DA00C9047F /* Resources */,
			);
			buildRules = (
			);
			dependencies = (
				1028FE2B2ADF77DA00C9047F /* PBXTargetDependency */,
			);
			name = Unittesting2Tests;
			productName = Unittesting2Tests;
			productReference = 1028FE292ADF77DA00C9047F /* Unittesting2Tests.xctest */;
			productType = "com.apple.product-type.bundle.unit-test";
		};
		1028FE322ADF77DA00C9047F /* Unittesting2UITests */ = {
			isa = PBXNativeTarget;
			buildConfigurationList = 1028FE432ADF77DA00C9047F /* Build configuration list for PBXNativeTarget "Unittesting2UITests" */;
			buildPhases = (
				1028FE2F2ADF77DA00C9047F /* Sources */,
				1028FE302ADF77DA00C9047F /* Frameworks */,
				1028FE312ADF77DA00C9047F /* Resources */,
			);
			buildRules = (
			);
			dependencies = (
				1028FE352ADF77DA00C9047F /* PBXTargetDependency */,
			);
			name = Unittesting2UITests;
			productName = Unittesting2UITests;
			productReference = 1028FE332ADF77DA00C9047F /* Unittesting2UITests.xctest */;
			productType = "com.apple.product-type.bundle.ui-testing";
		};
/* End PBXNativeTarget section */

/* Begin PBXProject section */
		1028FE112ADF77D800C9047F /* Project object */ = {
			isa = PBXProject;
			attributes = {
				BuildIndependentTargetsInParallel = 1;
				LastSwiftUpdateCheck = 1500;
				LastUpgradeCheck = 1500;
				TargetAttributes = {
					1028FE182ADF77D800C9047F = {
						CreatedOnToolsVersion = 15.0;
					};
					1028FE282ADF77DA00C9047F = {
						CreatedOnToolsVersion = 15.0;
						TestTargetID = 1028FE182ADF77D800C9047F;
					};
					1028FE322ADF77DA00C9047F = {
						CreatedOnToolsVersion = 15.0;
						TestTargetID = 1028FE182ADF77D800C9047F;
					};
				};
			};
			buildConfigurationList = 1028FE142ADF77D800C9047F /* Build configuration list for PBXProject "Unittesting2" */;
			compatibilityVersion = "Xcode 14.0";
			developmentRegion = en;
			hasScannedForEncodings = 0;
			knownRegions = (
				en,
				Base,
			);
			mainGroup = 1028FE102ADF77D800C9047F;
			productRefGroup = 1028FE1A2ADF77D800C9047F /* Products */;
			projectDirPath = "";
			projectRoot = "";
			targets = (
				1028FE182ADF77D800C9047F /* Unittesting2 */,
				1028FE282ADF77DA00C9047F /* Unittesting2Tests */,
				1028FE322ADF77DA00C9047F /* Unittesting2UITests */,
			);
		};
/* End PBXProject section */

/* Begin PBXResourcesBuildPhase section */
		1028FE172ADF77D800C9047F /* Resources */ = {
			isa = PBXResourcesBuildPhase;
			buildActionMask = 2147483647;
			files = (
				1028FE242ADF77DA00C9047F /* Preview Assets.xcassets in Resources */,
				1028FE212ADF77DA00C9047F /* Assets.xcassets in Resources */,
			);
			runOnlyForDeploymentPostprocessing = 0;
		};
		1028FE272ADF77DA00C9047F /* Resources */ = {
			isa = PBXResourcesBuildPhase;
			buildActionMask = 2147483647;
			files = (
			);
			runOnlyForDeploymentPostprocessing = 0;
		};
		1028FE312ADF77DA00C9047F /* Resources */ = {
			isa = PBXResourcesBuildPhase;
			buildActionMask = 2147483647;
			files = (
			);
			runOnlyForDeploymentPostprocessing = 0;
		};
/* End PBXResourcesBuildPhase section */

/* Begin PBXSourcesBuildPhase section */
		1028FE152ADF77D800C9047F /* Sources */ = {
			isa = PBXSourcesBuildPhase;
			buildActionMask = 2147483647;
			files = (
				1028FE1F2ADF77D800C9047F /* ContentView.swift in Sources */,
				1028FE1D2ADF77D800C9047F /* Unittesting2App.swift in Sources */,
			);
			runOnlyForDeploymentPostprocessing = 0;
		};
		1028FE252ADF77DA00C9047F /* Sources */ = {
			isa = PBXSourcesBuildPhase;
			buildActionMask = 2147483647;
			files = (
				1028FE4C2ADF7E9700C9047F /* Mathematics.swift in Sources */,
				1028FE2E2ADF77DA00C9047F /* Unittesting2Tests.swift in Sources */,
				1028FE4E2AE0CF4900C9047F /* MathOperationTest.swift in Sources */,
				1028FE4A2ADF79E900C9047F /* MathematicsTest.swift in Sources */,
				1028FE472ADF77EA00C9047F /* test.swift in Sources */,
			);
			runOnlyForDeploymentPostprocessing = 0;
		};
		1028FE2F2ADF77DA00C9047F /* Sources */ = {
			isa = PBXSourcesBuildPhase;
			buildActionMask = 2147483647;
			files = (
				1028FE3A2ADF77DA00C9047F /* Unittesting2UITestsLaunchTests.swift in Sources */,
				1028FE382ADF77DA00C9047F /* Unittesting2UITests.swift in Sources */,
			);
			runOnlyForDeploymentPostprocessing = 0;
		};
/* End PBXSourcesBuildPhase section */

/* Begin PBXTargetDependency section */
		1028FE2B2ADF77DA00C9047F /* PBXTargetDependency */ = {
			isa = PBXTargetDependency;
			target = 1028FE182ADF77D800C9047F /* Unittesting2 */;
			targetProxy = 1028FE2A2ADF77DA00C9047F /* PBXContainerItemProxy */;
		};
		1028FE352ADF77DA00C9047F /* PBXTargetDependency */ = {
			isa = PBXTargetDependency;
			target = 1028FE182ADF77D800C9047F /* Unittesting2 */;
			targetProxy = 1028FE342ADF77DA00C9047F /* PBXContainerItemProxy */;
		};
/* End PBXTargetDependency section */

/* Begin XCBuildConfiguration section */
		1028FE3B2ADF77DA00C9047F /* Debug */ = {
			isa = XCBuildConfiguration;
			buildSettings = {
				ALWAYS_SEARCH_USER_PATHS = NO;
				ASSETCATALOG_COMPILER_GENERATE_SWIFT_ASSET_SYMBOL_EXTENSIONS = YES;
				CLANG_ANALYZER_NONNULL = YES;
				CLANG_ANALYZER_NUMBER_OBJECT_CONVERSION = YES_AGGRESSIVE;
				CLANG_CXX_LANGUAGE_STANDARD = "gnu++20";
				CLANG_ENABLE_MODULES = YES;
				CLANG_ENABLE_OBJC_ARC = YES;
				CLANG_ENABLE_OBJC_WEAK = YES;
				CLANG_WARN_BLOCK_CAPTURE_AUTORELEASING = YES;
				CLANG_WARN_BOOL_CONVERSION = YES;
				CLANG_WARN_COMMA = YES;
				CLANG_WARN_CONSTANT_CONVERSION = YES;
				CLANG_WARN_DEPRECATED_OBJC_IMPLEMENTATIONS = YES;
				CLANG_WARN_DIRECT_OBJC_ISA_USAGE = YES_ERROR;
				CLANG_WARN_DOCUMENTATION_COMMENTS = YES;
				CLANG_WARN_EMPTY_BODY = YES;
				CLANG_WARN_ENUM_CONVERSION = YES;
				CLANG_WARN_INFINITE_RECURSION = YES;
				CLANG_WARN_INT_CONVERSION = YES;
				CLANG_WARN_NON_LITERAL_NULL_CONVERSION = YES;
				CLANG_WARN_OBJC_IMPLICIT_RETAIN_SELF = YES;
				CLANG_WARN_OBJC_LITERAL_CONVERSION = YES;
				CLANG_WARN_OBJC_ROOT_CLASS = YES_ERROR;
				CLANG_WARN_QUOTED_INCLUDE_IN_FRAMEWORK_HEADER = YES;
				CLANG_WARN_RANGE_LOOP_ANALYSIS = YES;
				CLANG_WARN_STRICT_PROTOTYPES = YES;
				CLANG_WARN_SUSPICIOUS_MOVE = YES;
				CLANG_WARN_UNGUARDED_AVAILABILITY = YES_AGGRESSIVE;
				CLANG_WARN_UNREACHABLE_CODE = YES;
				CLANG_WARN__DUPLICATE_METHOD_MATCH = YES;
				COPY_PHASE_STRIP = NO;
				DEBUG_INFORMATION_FORMAT = dwarf;
				ENABLE_STRICT_OBJC_MSGSEND = YES;
				ENABLE_TESTABILITY = YES;
				ENABLE_USER_SCRIPT_SANDBOXING = YES;
				GCC_C_LANGUAGE_STANDARD = gnu17;
				GCC_DYNAMIC_NO_PIC = NO;
				GCC_NO_COMMON_BLOCKS = YES;
				GCC_OPTIMIZATION_LEVEL = 0;
				GCC_PREPROCESSOR_DEFINITIONS = (
					"DEBUG=1",
					"$(inherited)",
				);
				GCC_WARN_64_TO_32_BIT_CONVERSION = YES;
				GCC_WARN_ABOUT_RETURN_TYPE = YES_ERROR;
				GCC_WARN_UNDECLARED_SELECTOR = YES;
				GCC_WARN_UNINITIALIZED_AUTOS = YES_AGGRESSIVE;
				GCC_WARN_UNUSED_FUNCTION = YES;
				GCC_WARN_UNUSED_VARIABLE = YES;
				IPHONEOS_DEPLOYMENT_TARGET = 17.0;
				LOCALIZATION_PREFERS_STRING_CATALOGS = YES;
				MTL_ENABLE_DEBUG_INFO = INCLUDE_SOURCE;
				MTL_FAST_MATH = YES;
				ONLY_ACTIVE_ARCH = YES;
				SDKROOT = iphoneos;
				SWIFT_ACTIVE_COMPILATION_CONDITIONS = "DEBUG $(inherited)";
				SWIFT_OPTIMIZATION_LEVEL = "-Onone";
			};
			name = Debug;
		};
		1028FE3C2ADF77DA00C9047F /* Release */ = {
			isa = XCBuildConfiguration;
			buildSettings = {
				ALWAYS_SEARCH_USER_PATHS = NO;
				ASSETCATALOG_COMPILER_GENERATE_SWIFT_ASSET_SYMBOL_EXTENSIONS = YES;
				CLANG_ANALYZER_NONNULL = YES;
				CLANG_ANALYZER_NUMBER_OBJECT_CONVERSION = YES_AGGRESSIVE;
				CLANG_CXX_LANGUAGE_STANDARD = "gnu++20";
				CLANG_ENABLE_MODULES = YES;
				CLANG_ENABLE_OBJC_ARC = YES;
				CLANG_ENABLE_OBJC_WEAK = YES;
				CLANG_WARN_BLOCK_CAPTURE_AUTORELEASING = YES;
				CLANG_WARN_BOOL_CONVERSION = YES;
				CLANG_WARN_COMMA = YES;
				CLANG_WARN_CONSTANT_CONVERSION = YES;
				CLANG_WARN_DEPRECATED_OBJC_IMPLEMENTATIONS = YES;
				CLANG_WARN_DIRECT_OBJC_ISA_USAGE = YES_ERROR;
				CLANG_WARN_DOCUMENTATION_COMMENTS = YES;
				CLANG_WARN_EMPTY_BODY = YES;
				CLANG_WARN_ENUM_CONVERSION = YES;
				CLANG_WARN_INFINITE_RECURSION = YES;
				CLANG_WARN_INT_CONVERSION = YES;
				CLANG_WARN_NON_LITERAL_NULL_CONVERSION = YES;
				CLANG_WARN_OBJC_IMPLICIT_RETAIN_SELF = YES;
				CLANG_WARN_OBJC_LITERAL_CONVERSION = YES;
				CLANG_WARN_OBJC_ROOT_CLASS = YES_ERROR;
				CLANG_WARN_QUOTED_INCLUDE_IN_FRAMEWORK_HEADER = YES;
				CLANG_WARN_RANGE_LOOP_ANALYSIS = YES;
				CLANG_WARN_STRICT_PROTOTYPES = YES;
				CLANG_WARN_SUSPICIOUS_MOVE = YES;
				CLANG_WARN_UNGUARDED_AVAILABILITY = YES_AGGRESSIVE;
				CLANG_WARN_UNREACHABLE_CODE = YES;
				CLANG_WARN__DUPLICATE_METHOD_MATCH = YES;
				COPY_PHASE_STRIP = NO;
				DEBUG_INFORMATION_FORMAT = "dwarf-with-dsym";
				ENABLE_NS_ASSERTIONS = NO;
				ENABLE_STRICT_OBJC_MSGSEND = YES;
				ENABLE_USER_SCRIPT_SANDBOXING = YES;
				GCC_C_LANGUAGE_STANDARD = gnu17;
				GCC_NO_COMMON_BLOCKS = YES;
				GCC_WARN_64_TO_32_BIT_CONVERSION = YES;
				GCC_WARN_ABOUT_RETURN_TYPE = YES_ERROR;
				GCC_WARN_UNDECLARED_SELECTOR = YES;
				GCC_WARN_UNINITIALIZED_AUTOS = YES_AGGRESSIVE;
				GCC_WARN_UNUSED_FUNCTION = YES;
				GCC_WARN_UNUSED_VARIABLE = YES;
				IPHONEOS_DEPLOYMENT_TARGET = 17.0;
				LOCALIZATION_PREFERS_STRING_CATALOGS = YES;
				MTL_ENABLE_DEBUG_INFO = NO;
				MTL_FAST_MATH = YES;
				SDKROOT = iphoneos;
				SWIFT_COMPILATION_MODE = wholemodule;
				VALIDATE_PRODUCT = YES;
			};
			name = Release;
		};
		1028FE3E2ADF77DA00C9047F /* Debug */ = {
			isa = XCBuildConfiguration;
			buildSettings = {
				ASSETCATALOG_COMPILER_APPICON_NAME = AppIcon;
				ASSETCATALOG_COMPILER_GLOBAL_ACCENT_COLOR_NAME = AccentColor;
				CODE_SIGN_STYLE = Automatic;
				CURRENT_PROJECT_VERSION = 1;
				DEVELOPMENT_ASSET_PATHS = "\"Unittesting2/Preview Content\"";
				DEVELOPMENT_TEAM = 4YZCZJC9LB;
				ENABLE_PREVIEWS = YES;
				GENERATE_INFOPLIST_FILE = YES;
				INFOPLIST_KEY_UIApplicationSceneManifest_Generation = YES;
				INFOPLIST_KEY_UIApplicationSupportsIndirectInputEvents = YES;
				INFOPLIST_KEY_UILaunchScreen_Generation = YES;
				INFOPLIST_KEY_UISupportedInterfaceOrientations_iPad = "UIInterfaceOrientationPortrait UIInterfaceOrientationPortraitUpsideDown UIInterfaceOrientationLandscapeLeft UIInterfaceOrientationLandscapeRight";
				INFOPLIST_KEY_UISupportedInterfaceOrientations_iPhone = "UIInterfaceOrientationPortrait UIInterfaceOrientationLandscapeLeft UIInterfaceOrientationLandscapeRight";
				LD_RUNPATH_SEARCH_PATHS = (
					"$(inherited)",
					"@executable_path/Frameworks",
				);
				MARKETING_VERSION = 1.0;
				PRODUCT_BUNDLE_IDENTIFIER = miguel.Unittesting2;
				PRODUCT_NAME = "$(TARGET_NAME)";
				SWIFT_EMIT_LOC_STRINGS = YES;
				SWIFT_VERSION = 5.0;
				TARGETED_DEVICE_FAMILY = "1,2";
			};
			name = Debug;
		};
		1028FE3F2ADF77DA00C9047F /* Release */ = {
			isa = XCBuildConfiguration;
			buildSettings = {
				ASSETCATALOG_COMPILER_APPICON_NAME = AppIcon;
				ASSETCATALOG_COMPILER_GLOBAL_ACCENT_COLOR_NAME = AccentColor;
				CODE_SIGN_STYLE = Automatic;
				CURRENT_PROJECT_VERSION = 1;
				DEVELOPMENT_ASSET_PATHS = "\"Unittesting2/Preview Content\"";
				DEVELOPMENT_TEAM = 4YZCZJC9LB;
				ENABLE_PREVIEWS = YES;
				GENERATE_INFOPLIST_FILE = YES;
				INFOPLIST_KEY_UIApplicationSceneManifest_Generation = YES;
				INFOPLIST_KEY_UIApplicationSupportsIndirectInputEvents = YES;
				INFOPLIST_KEY_UILaunchScreen_Generation = YES;
				INFOPLIST_KEY_UISupportedInterfaceOrientations_iPad = "UIInterfaceOrientationPortrait UIInterfaceOrientationPortraitUpsideDown UIInterfaceOrientationLandscapeLeft UIInterfaceOrientationLandscapeRight";
				INFOPLIST_KEY_UISupportedInterfaceOrientations_iPhone = "UIInterfaceOrientationPortrait UIInterfaceOrientationLandscapeLeft UIInterfaceOrientationLandscapeRight";
				LD_RUNPATH_SEARCH_PATHS = (
					"$(inherited)",
					"@executable_path/Frameworks",
				);
				MARKETING_VERSION = 1.0;
				PRODUCT_BUNDLE_IDENTIFIER = miguel.Unittesting2;
				PRODUCT_NAME = "$(TARGET_NAME)";
				SWIFT_EMIT_LOC_STRINGS = YES;
				SWIFT_VERSION = 5.0;
				TARGETED_DEVICE_FAMILY = "1,2";
			};
			name = Release;
		};
		1028FE412ADF77DA00C9047F /* Debug */ = {
			isa = XCBuildConfiguration;
			buildSettings = {
				ALWAYS_EMBED_SWIFT_STANDARD_LIBRARIES = YES;
				BUNDLE_LOADER = "$(TEST_HOST)";
				CODE_SIGN_STYLE = Automatic;
				CURRENT_PROJECT_VERSION = 1;
				DEVELOPMENT_TEAM = 4YZCZJC9LB;
				GENERATE_INFOPLIST_FILE = YES;
				IPHONEOS_DEPLOYMENT_TARGET = 17.0;
				MARKETING_VERSION = 1.0;
				PRODUCT_BUNDLE_IDENTIFIER = miguel.Unittesting2Tests;
				PRODUCT_NAME = "$(TARGET_NAME)";
				SWIFT_EMIT_LOC_STRINGS = NO;
				SWIFT_VERSION = 5.0;
				TARGETED_DEVICE_FAMILY = "1,2";
				TEST_HOST = "$(BUILT_PRODUCTS_DIR)/Unittesting2.app/$(BUNDLE_EXECUTABLE_FOLDER_PATH)/Unittesting2";
			};
			name = Debug;
		};
		1028FE422ADF77DA00C9047F /* Release */ = {
			isa = XCBuildConfiguration;
			buildSettings = {
				ALWAYS_EMBED_SWIFT_STANDARD_LIBRARIES = YES;
				BUNDLE_LOADER = "$(TEST_HOST)";
				CODE_SIGN_STYLE = Automatic;
				CURRENT_PROJECT_VERSION = 1;
				DEVELOPMENT_TEAM = 4YZCZJC9LB;
				GENERATE_INFOPLIST_FILE = YES;
				IPHONEOS_DEPLOYMENT_TARGET = 17.0;
				MARKETING_VERSION = 1.0;
				PRODUCT_BUNDLE_IDENTIFIER = miguel.Unittesting2Tests;
				PRODUCT_NAME = "$(TARGET_NAME)";
				SWIFT_EMIT_LOC_STRINGS = NO;
				SWIFT_VERSION = 5.0;
				TARGETED_DEVICE_FAMILY = "1,2";
				TEST_HOST = "$(BUILT_PRODUCTS_DIR)/Unittesting2.app/$(BUNDLE_EXECUTABLE_FOLDER_PATH)/Unittesting2";
			};
			name = Release;
		};
		1028FE442ADF77DA00C9047F /* Debug */ = {
			isa = XCBuildConfiguration;
			buildSettings = {
				ALWAYS_EMBED_SWIFT_STANDARD_LIBRARIES = YES;
				CODE_SIGN_STYLE = Automatic;
				CURRENT_PROJECT_VERSION = 1;
				DEVELOPMENT_TEAM = 4YZCZJC9LB;
				GENERATE_INFOPLIST_FILE = YES;
				MARKETING_VERSION = 1.0;
				PRODUCT_BUNDLE_IDENTIFIER = miguel.Unittesting2UITests;
				PRODUCT_NAME = "$(TARGET_NAME)";
				SWIFT_EMIT_LOC_STRINGS = NO;
				SWIFT_VERSION = 5.0;
				TARGETED_DEVICE_FAMILY = "1,2";
				TEST_TARGET_NAME = Unittesting2;
			};
			name = Debug;
		};
		1028FE452ADF77DA00C9047F /* Release */ = {
			isa = XCBuildConfiguration;
			buildSettings = {
				ALWAYS_EMBED_SWIFT_STANDARD_LIBRARIES = YES;
				CODE_SIGN_STYLE = Automatic;
				CURRENT_PROJECT_VERSION = 1;
				DEVELOPMENT_TEAM = 4YZCZJC9LB;
				GENERATE_INFOPLIST_FILE = YES;
				MARKETING_VERSION = 1.0;
				PRODUCT_BUNDLE_IDENTIFIER = miguel.Unittesting2UITests;
				PRODUCT_NAME = "$(TARGET_NAME)";
				SWIFT_EMIT_LOC_STRINGS = NO;
				SWIFT_VERSION = 5.0;
				TARGETED_DEVICE_FAMILY = "1,2";
				TEST_TARGET_NAME = Unittesting2;
			};
			name = Release;
		};
/* End XCBuildConfiguration section */

/* Begin XCConfigurationList section */
		1028FE142ADF77D800C9047F /* Build configuration list for PBXProject "Unittesting2" */ = {
			isa = XCConfigurationList;
			buildConfigurations = (
				1028FE3B2ADF77DA00C9047F /* Debug */,
				1028FE3C2ADF77DA00C9047F /* Release */,
			);
			defaultConfigurationIsVisible = 0;
			defaultConfigurationName = Release;
		};
		1028FE3D2ADF77DA00C9047F /* Build configuration list for PBXNativeTarget "Unittesting2" */ = {
			isa = XCConfigurationList;
			buildConfigurations = (
				1028FE3E2ADF77DA00C9047F /* Debug */,
				1028FE3F2ADF77DA00C9047F /* Release */,
			);
			defaultConfigurationIsVisible = 0;
			defaultConfigurationName = Release;
		};
		1028FE402ADF77DA00C9047F /* Build configuration list for PBXNativeTarget "Unittesting2Tests" */ = {
			isa = XCConfigurationList;
			buildConfigurations = (
				1028FE412ADF77DA00C9047F /* Debug */,
				1028FE422ADF77DA00C9047F /* Release */,
			);
			defaultConfigurationIsVisible = 0;
			defaultConfigurationName = Release;
		};
		1028FE432ADF77DA00C9047F /* Build configuration list for PBXNativeTarget "Unittesting2UITests" */ = {
			isa = XCConfigurationList;
			buildConfigurations = (
				1028FE442ADF77DA00C9047F /* Debug */,
				1028FE452ADF77DA00C9047F /* Release */,
			);
			defaultConfigurationIsVisible = 0;
			defaultConfigurationName = Release;
		};
/* End XCConfigurationList section */
	};
	rootObject = 1028FE112ADF77D800C9047F /* Project object */;
}
